// !$*UTF8*$!
{
	archiveVersion = 1;
	classes = {
	};
	objectVersion = 50;
	objects = {

/* Begin PBXBuildFile section */
		2241C56A221A4A72004EC5B3 /* BaseError.swift in Sources */ = {isa = PBXBuildFile; fileRef = 2241C569221A4A72004EC5B3 /* BaseError.swift */; };
		2241C56F221A4CD4004EC5B3 /* BaseRequest.swift in Sources */ = {isa = PBXBuildFile; fileRef = 2241C56E221A4CD4004EC5B3 /* BaseRequest.swift */; };
		2241C573221A4FFA004EC5B3 /* BaseResult.swift in Sources */ = {isa = PBXBuildFile; fileRef = 2241C572221A4FFA004EC5B3 /* BaseResult.swift */; };
		2241C576221A56E6004EC5B3 /* APIKey.swift in Sources */ = {isa = PBXBuildFile; fileRef = 2241C575221A56E6004EC5B3 /* APIKey.swift */; };
		2241C578221A5711004EC5B3 /* URLs.swift in Sources */ = {isa = PBXBuildFile; fileRef = 2241C577221A5711004EC5B3 /* URLs.swift */; };
		2241C57A221A5AB5004EC5B3 /* ErrorResponse.swift in Sources */ = {isa = PBXBuildFile; fileRef = 2241C579221A5AB5004EC5B3 /* ErrorResponse.swift */; };
		2241C57C221A610C004EC5B3 /* SearchResponse.swift in Sources */ = {isa = PBXBuildFile; fileRef = 2241C57B221A610C004EC5B3 /* SearchResponse.swift */; };
		2241C57E221A6223004EC5B3 /* Prediction.swift in Sources */ = {isa = PBXBuildFile; fileRef = 2241C57D221A6223004EC5B3 /* Prediction.swift */; };
		2241C580221A6562004EC5B3 /* SearchRequest.swift in Sources */ = {isa = PBXBuildFile; fileRef = 2241C57F221A6562004EC5B3 /* SearchRequest.swift */; };
		22A64F6C22156FC8003266BA /* AppDelegate.swift in Sources */ = {isa = PBXBuildFile; fileRef = 22A64F6B22156FC8003266BA /* AppDelegate.swift */; };
		22A64F6E22156FC8003266BA /* ViewController.swift in Sources */ = {isa = PBXBuildFile; fileRef = 22A64F6D22156FC8003266BA /* ViewController.swift */; };
		22A64F7122156FC8003266BA /* Main.storyboard in Resources */ = {isa = PBXBuildFile; fileRef = 22A64F6F22156FC8003266BA /* Main.storyboard */; };
		22A64F7422156FC8003266BA /* Weather.xcdatamodeld in Sources */ = {isa = PBXBuildFile; fileRef = 22A64F7222156FC8003266BA /* Weather.xcdatamodeld */; };
		22A64F7622156FC9003266BA /* Assets.xcassets in Resources */ = {isa = PBXBuildFile; fileRef = 22A64F7522156FC9003266BA /* Assets.xcassets */; };
		22A64F7922156FC9003266BA /* LaunchScreen.storyboard in Resources */ = {isa = PBXBuildFile; fileRef = 22A64F7722156FC9003266BA /* LaunchScreen.storyboard */; };
		22CBAAB6221AA65F00BF31B1 /* Constants.swift in Sources */ = {isa = PBXBuildFile; fileRef = 22CBAAB5221AA65F00BF31B1 /* Constants.swift */; };
		22CF181522169A93004D20ED /* APIService.swift in Sources */ = {isa = PBXBuildFile; fileRef = 22CF181422169A93004D20ED /* APIService.swift */; };
		CCBE0271B6EB38D8DF0BC684 /* Pods_Weather.framework in Frameworks */ = {isa = PBXBuildFile; fileRef = 52FDDC391030D6B8C5500CC8 /* Pods_Weather.framework */; };
/* End PBXBuildFile section */

/* Begin PBXFileReference section */
		2241C569221A4A72004EC5B3 /* BaseError.swift */ = {isa = PBXFileReference; lastKnownFileType = sourcecode.swift; path = BaseError.swift; sourceTree = "<group>"; };
		2241C56E221A4CD4004EC5B3 /* BaseRequest.swift */ = {isa = PBXFileReference; lastKnownFileType = sourcecode.swift; path = BaseRequest.swift; sourceTree = "<group>"; };
		2241C572221A4FFA004EC5B3 /* BaseResult.swift */ = {isa = PBXFileReference; lastKnownFileType = sourcecode.swift; path = BaseResult.swift; sourceTree = "<group>"; };
		2241C575221A56E6004EC5B3 /* APIKey.swift */ = {isa = PBXFileReference; lastKnownFileType = sourcecode.swift; path = APIKey.swift; sourceTree = "<group>"; };
		2241C577221A5711004EC5B3 /* URLs.swift */ = {isa = PBXFileReference; lastKnownFileType = sourcecode.swift; path = URLs.swift; sourceTree = "<group>"; };
		2241C579221A5AB5004EC5B3 /* ErrorResponse.swift */ = {isa = PBXFileReference; lastKnownFileType = sourcecode.swift; path = ErrorResponse.swift; sourceTree = "<group>"; };
		2241C57B221A610C004EC5B3 /* SearchResponse.swift */ = {isa = PBXFileReference; lastKnownFileType = sourcecode.swift; path = SearchResponse.swift; sourceTree = "<group>"; };
		2241C57D221A6223004EC5B3 /* Prediction.swift */ = {isa = PBXFileReference; lastKnownFileType = sourcecode.swift; path = Prediction.swift; sourceTree = "<group>"; };
		2241C57F221A6562004EC5B3 /* SearchRequest.swift */ = {isa = PBXFileReference; lastKnownFileType = sourcecode.swift; path = SearchRequest.swift; sourceTree = "<group>"; };
		22A64F6822156FC8003266BA /* Weather.app */ = {isa = PBXFileReference; explicitFileType = wrapper.application; includeInIndex = 0; path = Weather.app; sourceTree = BUILT_PRODUCTS_DIR; };
		22A64F6B22156FC8003266BA /* AppDelegate.swift */ = {isa = PBXFileReference; lastKnownFileType = sourcecode.swift; path = AppDelegate.swift; sourceTree = "<group>"; };
		22A64F6D22156FC8003266BA /* ViewController.swift */ = {isa = PBXFileReference; lastKnownFileType = sourcecode.swift; path = ViewController.swift; sourceTree = "<group>"; };
		22A64F7022156FC8003266BA /* Base */ = {isa = PBXFileReference; lastKnownFileType = file.storyboard; name = Base; path = Base.lproj/Main.storyboard; sourceTree = "<group>"; };
		22A64F7322156FC8003266BA /* Weather.xcdatamodel */ = {isa = PBXFileReference; lastKnownFileType = wrapper.xcdatamodel; path = Weather.xcdatamodel; sourceTree = "<group>"; };
		22A64F7522156FC9003266BA /* Assets.xcassets */ = {isa = PBXFileReference; lastKnownFileType = folder.assetcatalog; path = Assets.xcassets; sourceTree = "<group>"; };
		22A64F7822156FC9003266BA /* Base */ = {isa = PBXFileReference; lastKnownFileType = file.storyboard; name = Base; path = Base.lproj/LaunchScreen.storyboard; sourceTree = "<group>"; };
		22A64F7A22156FC9003266BA /* Info.plist */ = {isa = PBXFileReference; lastKnownFileType = text.plist.xml; path = Info.plist; sourceTree = "<group>"; };
		22CBAAB5221AA65F00BF31B1 /* Constants.swift */ = {isa = PBXFileReference; lastKnownFileType = sourcecode.swift; path = Constants.swift; sourceTree = "<group>"; };
		22CF181422169A93004D20ED /* APIService.swift */ = {isa = PBXFileReference; lastKnownFileType = sourcecode.swift; path = APIService.swift; sourceTree = "<group>"; };
		52FDDC391030D6B8C5500CC8 /* Pods_Weather.framework */ = {isa = PBXFileReference; explicitFileType = wrapper.framework; includeInIndex = 0; path = Pods_Weather.framework; sourceTree = BUILT_PRODUCTS_DIR; };
		6DD87F3A4E379621E7D7B473 /* Pods-Weather.release.xcconfig */ = {isa = PBXFileReference; includeInIndex = 1; lastKnownFileType = text.xcconfig; name = "Pods-Weather.release.xcconfig"; path = "Pods/Target Support Files/Pods-Weather/Pods-Weather.release.xcconfig"; sourceTree = "<group>"; };
		7D1A436998B7728515B0D3AD /* Pods-Weather.debug.xcconfig */ = {isa = PBXFileReference; includeInIndex = 1; lastKnownFileType = text.xcconfig; name = "Pods-Weather.debug.xcconfig"; path = "Pods/Target Support Files/Pods-Weather/Pods-Weather.debug.xcconfig"; sourceTree = "<group>"; };
/* End PBXFileReference section */

/* Begin PBXFrameworksBuildPhase section */
		22A64F6522156FC8003266BA /* Frameworks */ = {
			isa = PBXFrameworksBuildPhase;
			buildActionMask = 2147483647;
			files = (
				CCBE0271B6EB38D8DF0BC684 /* Pods_Weather.framework in Frameworks */,
			);
			runOnlyForDeploymentPostprocessing = 0;
		};
/* End PBXFrameworksBuildPhase section */

/* Begin PBXGroup section */
		2241C563221A4551004EC5B3 /* Remote */ = {
			isa = PBXGroup;
			children = (
				2241C565221A45BF004EC5B3 /* Service */,
				2241C564221A455C004EC5B3 /* API */,
			);
			path = Remote;
			sourceTree = "<group>";
		};
		2241C564221A455C004EC5B3 /* API */ = {
			isa = PBXGroup;
			children = (
				2241C570221A4FA2004EC5B3 /* Response */,
				2241C56D221A4CB0004EC5B3 /* Request */,
				2241C571221A4FD6004EC5B3 /* Result */,
				2241C574221A50F2004EC5B3 /* URL */,
				2241C56B221A4A75004EC5B3 /* Error */,
			);
			path = API;
			sourceTree = "<group>";
		};
		2241C565221A45BF004EC5B3 /* Service */ = {
			isa = PBXGroup;
			children = (
				22CF181422169A93004D20ED /* APIService.swift */,
			);
			path = Service;
			sourceTree = "<group>";
		};
		2241C566221A4760004EC5B3 /* Model */ = {
			isa = PBXGroup;
			children = (
				2241C57D221A6223004EC5B3 /* Prediction.swift */,
			);
			path = Model;
			sourceTree = "<group>";
		};
		2241C56B221A4A75004EC5B3 /* Error */ = {
			isa = PBXGroup;
			children = (
				2241C569221A4A72004EC5B3 /* BaseError.swift */,
				2241C579221A5AB5004EC5B3 /* ErrorResponse.swift */,
			);
			path = Error;
			sourceTree = "<group>";
		};
		2241C56D221A4CB0004EC5B3 /* Request */ = {
			isa = PBXGroup;
			children = (
				2241C57F221A6562004EC5B3 /* SearchRequest.swift */,
				2241C56E221A4CD4004EC5B3 /* BaseRequest.swift */,
				2241C575221A56E6004EC5B3 /* APIKey.swift */,
			);
			path = Request;
			sourceTree = "<group>";
		};
		2241C570221A4FA2004EC5B3 /* Response */ = {
			isa = PBXGroup;
			children = (
				2241C57B221A610C004EC5B3 /* SearchResponse.swift */,
			);
			path = Response;
			sourceTree = "<group>";
		};
		2241C571221A4FD6004EC5B3 /* Result */ = {
			isa = PBXGroup;
			children = (
				2241C572221A4FFA004EC5B3 /* BaseResult.swift */,
			);
			path = Result;
			sourceTree = "<group>";
		};
		2241C574221A50F2004EC5B3 /* URL */ = {
			isa = PBXGroup;
			children = (
				2241C577221A5711004EC5B3 /* URLs.swift */,
			);
			path = URL;
			sourceTree = "<group>";
		};
		229FCDCB2216777400AAA073 /* Storyboards */ = {
			isa = PBXGroup;
			children = (
				22A64F6F22156FC8003266BA /* Main.storyboard */,
				22A64F7722156FC9003266BA /* LaunchScreen.storyboard */,
			);
			path = Storyboards;
			sourceTree = "<group>";
		};
		229FCDCC221678AF00AAA073 /* Data */ = {
			isa = PBXGroup;
			children = (
				2241C566221A4760004EC5B3 /* Model */,
				229FCDCD221678BB00AAA073 /* Source */,
			);
			path = Data;
			sourceTree = "<group>";
		};
		229FCDCD221678BB00AAA073 /* Source */ = {
			isa = PBXGroup;
			children = (
				2241C563221A4551004EC5B3 /* Remote */,
			);
			path = Source;
			sourceTree = "<group>";
		};
		22A64F5F22156FC8003266BA = {
			isa = PBXGroup;
			children = (
				22A64F6A22156FC8003266BA /* Weather */,
				22A64F6922156FC8003266BA /* Products */,
				A6ED8582D47F7998D2638A43 /* Pods */,
				C944FD4E97222C0F1B34C8AC /* Frameworks */,
			);
			sourceTree = "<group>";
		};
		22A64F6922156FC8003266BA /* Products */ = {
			isa = PBXGroup;
			children = (
				22A64F6822156FC8003266BA /* Weather.app */,
			);
			name = Products;
			sourceTree = "<group>";
		};
		22A64F6A22156FC8003266BA /* Weather */ = {
			isa = PBXGroup;
			children = (
				229FCDCC221678AF00AAA073 /* Data */,
				22A64F812215702E003266BA /* Views */,
				22A64F8222157035003266BA /* Controllers */,
				22A64F832215703F003266BA /* Resources */,
				22CBAAB4221AA62100BF31B1 /* Utils */,
				22A64F7222156FC8003266BA /* Weather.xcdatamodeld */,
			);
			path = Weather;
			sourceTree = "<group>";
		};
		22A64F812215702E003266BA /* Views */ = {
			isa = PBXGroup;
			children = (
			);
			path = Views;
			sourceTree = "<group>";
		};
		22A64F8222157035003266BA /* Controllers */ = {
			isa = PBXGroup;
			children = (
				22A64F6D22156FC8003266BA /* ViewController.swift */,
			);
			path = Controllers;
			sourceTree = "<group>";
		};
		22A64F832215703F003266BA /* Resources */ = {
			isa = PBXGroup;
			children = (
				229FCDCB2216777400AAA073 /* Storyboards */,
				22A64F6B22156FC8003266BA /* AppDelegate.swift */,
				22A64F7522156FC9003266BA /* Assets.xcassets */,
				22A64F7A22156FC9003266BA /* Info.plist */,
			);
			path = Resources;
			sourceTree = "<group>";
		};
		22CBAAB4221AA62100BF31B1 /* Utils */ = {
			isa = PBXGroup;
			children = (
				22CBAAB5221AA65F00BF31B1 /* Constants.swift */,
			);
			path = Utils;
			sourceTree = "<group>";
		};
		A6ED8582D47F7998D2638A43 /* Pods */ = {
			isa = PBXGroup;
			children = (
				7D1A436998B7728515B0D3AD /* Pods-Weather.debug.xcconfig */,
				6DD87F3A4E379621E7D7B473 /* Pods-Weather.release.xcconfig */,
			);
			name = Pods;
			sourceTree = "<group>";
		};
		C944FD4E97222C0F1B34C8AC /* Frameworks */ = {
			isa = PBXGroup;
			children = (
				52FDDC391030D6B8C5500CC8 /* Pods_Weather.framework */,
			);
			name = Frameworks;
			sourceTree = "<group>";
		};
/* End PBXGroup section */

/* Begin PBXNativeTarget section */
		22A64F6722156FC8003266BA /* Weather */ = {
			isa = PBXNativeTarget;
			buildConfigurationList = 22A64F7D22156FC9003266BA /* Build configuration list for PBXNativeTarget "Weather" */;
			buildPhases = (
				3F20F076B9868C4C7CDEF641 /* [CP] Check Pods Manifest.lock */,
				22A64F6422156FC8003266BA /* Sources */,
				22A64F6522156FC8003266BA /* Frameworks */,
				22A64F6622156FC8003266BA /* Resources */,
				5EE334CB04BF3C8AD6AA5D2B /* [CP] Embed Pods Frameworks */,
			);
			buildRules = (
			);
			dependencies = (
			);
			name = Weather;
			productName = Weather;
			productReference = 22A64F6822156FC8003266BA /* Weather.app */;
			productType = "com.apple.product-type.application";
		};
/* End PBXNativeTarget section */

/* Begin PBXProject section */
		22A64F6022156FC8003266BA /* Project object */ = {
			isa = PBXProject;
			attributes = {
				LastSwiftUpdateCheck = 1010;
				LastUpgradeCheck = 1010;
				ORGANIZATIONNAME = minhduc;
				TargetAttributes = {
					22A64F6722156FC8003266BA = {
						CreatedOnToolsVersion = 10.1;
					};
				};
			};
			buildConfigurationList = 22A64F6322156FC8003266BA /* Build configuration list for PBXProject "Weather" */;
			compatibilityVersion = "Xcode 9.3";
			developmentRegion = en;
			hasScannedForEncodings = 0;
			knownRegions = (
				en,
				Base,
			);
			mainGroup = 22A64F5F22156FC8003266BA;
			productRefGroup = 22A64F6922156FC8003266BA /* Products */;
			projectDirPath = "";
			projectRoot = "";
			targets = (
				22A64F6722156FC8003266BA /* Weather */,
			);
		};
/* End PBXProject section */

/* Begin PBXResourcesBuildPhase section */
		22A64F6622156FC8003266BA /* Resources */ = {
			isa = PBXResourcesBuildPhase;
			buildActionMask = 2147483647;
			files = (
				22A64F7922156FC9003266BA /* LaunchScreen.storyboard in Resources */,
				22A64F7622156FC9003266BA /* Assets.xcassets in Resources */,
				22A64F7122156FC8003266BA /* Main.storyboard in Resources */,
			);
			runOnlyForDeploymentPostprocessing = 0;
		};
/* End PBXResourcesBuildPhase section */

/* Begin PBXShellScriptBuildPhase section */
		3F20F076B9868C4C7CDEF641 /* [CP] Check Pods Manifest.lock */ = {
			isa = PBXShellScriptBuildPhase;
			buildActionMask = 2147483647;
			files = (
			);
			inputFileListPaths = (
			);
			inputPaths = (
				"${PODS_PODFILE_DIR_PATH}/Podfile.lock",
				"${PODS_ROOT}/Manifest.lock",
			);
			name = "[CP] Check Pods Manifest.lock";
			outputFileListPaths = (
			);
			outputPaths = (
				"$(DERIVED_FILE_DIR)/Pods-Weather-checkManifestLockResult.txt",
			);
			runOnlyForDeploymentPostprocessing = 0;
			shellPath = /bin/sh;
			shellScript = "diff \"${PODS_PODFILE_DIR_PATH}/Podfile.lock\" \"${PODS_ROOT}/Manifest.lock\" > /dev/null\nif [ $? != 0 ] ; then\n    # print error to STDERR\n    echo \"error: The sandbox is not in sync with the Podfile.lock. Run 'pod install' or update your CocoaPods installation.\" >&2\n    exit 1\nfi\n# This output is used by Xcode 'outputs' to avoid re-running this script phase.\necho \"SUCCESS\" > \"${SCRIPT_OUTPUT_FILE_0}\"\n";
			showEnvVarsInLog = 0;
		};
		5EE334CB04BF3C8AD6AA5D2B /* [CP] Embed Pods Frameworks */ = {
			isa = PBXShellScriptBuildPhase;
			buildActionMask = 2147483647;
			files = (
			);
			inputFileListPaths = (
			);
			inputPaths = (
				"${SRCROOT}/Pods/Target Support Files/Pods-Weather/Pods-Weather-frameworks.sh",
				"${BUILT_PRODUCTS_DIR}/Alamofire/Alamofire.framework",
				"${BUILT_PRODUCTS_DIR}/ObjectMapper/ObjectMapper.framework",
				"${BUILT_PRODUCTS_DIR}/Reusable/Reusable.framework",
				"${BUILT_PRODUCTS_DIR}/Then/Then.framework",
			);
			name = "[CP] Embed Pods Frameworks";
			outputFileListPaths = (
			);
			outputPaths = (
				"${TARGET_BUILD_DIR}/${FRAMEWORKS_FOLDER_PATH}/Alamofire.framework",
				"${TARGET_BUILD_DIR}/${FRAMEWORKS_FOLDER_PATH}/ObjectMapper.framework",
				"${TARGET_BUILD_DIR}/${FRAMEWORKS_FOLDER_PATH}/Reusable.framework",
				"${TARGET_BUILD_DIR}/${FRAMEWORKS_FOLDER_PATH}/Then.framework",
			);
			runOnlyForDeploymentPostprocessing = 0;
			shellPath = /bin/sh;
			shellScript = "\"${SRCROOT}/Pods/Target Support Files/Pods-Weather/Pods-Weather-frameworks.sh\"\n";
			showEnvVarsInLog = 0;
		};
/* End PBXShellScriptBuildPhase section */

/* Begin PBXSourcesBuildPhase section */
		22A64F6422156FC8003266BA /* Sources */ = {
			isa = PBXSourcesBuildPhase;
			buildActionMask = 2147483647;
			files = (
				22A64F7422156FC8003266BA /* Weather.xcdatamodeld in Sources */,
				2241C56A221A4A72004EC5B3 /* BaseError.swift in Sources */,
				22A64F6E22156FC8003266BA /* ViewController.swift in Sources */,
				2241C56F221A4CD4004EC5B3 /* BaseRequest.swift in Sources */,
				2241C580221A6562004EC5B3 /* SearchRequest.swift in Sources */,
				22A64F6C22156FC8003266BA /* AppDelegate.swift in Sources */,
				2241C57A221A5AB5004EC5B3 /* ErrorResponse.swift in Sources */,
				2241C57C221A610C004EC5B3 /* SearchResponse.swift in Sources */,
				2241C578221A5711004EC5B3 /* URLs.swift in Sources */,
				2241C57E221A6223004EC5B3 /* Prediction.swift in Sources */,
				2241C573221A4FFA004EC5B3 /* BaseResult.swift in Sources */,
				22CBAAB6221AA65F00BF31B1 /* Constants.swift in Sources */,
				22CF181522169A93004D20ED /* APIService.swift in Sources */,
				2241C576221A56E6004EC5B3 /* APIKey.swift in Sources */,
			);
			runOnlyForDeploymentPostprocessing = 0;
		};
/* End PBXSourcesBuildPhase section */

/* Begin PBXVariantGroup section */
		22A64F6F22156FC8003266BA /* Main.storyboard */ = {
			isa = PBXVariantGroup;
			children = (
				22A64F7022156FC8003266BA /* Base */,
			);
			name = Main.storyboard;
			sourceTree = "<group>";
		};
		22A64F7722156FC9003266BA /* LaunchScreen.storyboard */ = {
			isa = PBXVariantGroup;
			children = (
				22A64F7822156FC9003266BA /* Base */,
			);
			name = LaunchScreen.storyboard;
			sourceTree = "<group>";
		};
/* End PBXVariantGroup section */

/* Begin XCBuildConfiguration section */
		22A64F7B22156FC9003266BA /* Debug */ = {
			isa = XCBuildConfiguration;
			buildSettings = {
				ALWAYS_SEARCH_USER_PATHS = NO;
				CLANG_ANALYZER_NONNULL = YES;
				CLANG_ANALYZER_NUMBER_OBJECT_CONVERSION = YES_AGGRESSIVE;
				CLANG_CXX_LANGUAGE_STANDARD = "gnu++14";
				CLANG_CXX_LIBRARY = "libc++";
				CLANG_ENABLE_MODULES = YES;
				CLANG_ENABLE_OBJC_ARC = YES;
				CLANG_ENABLE_OBJC_WEAK = YES;
				CLANG_WARN_BLOCK_CAPTURE_AUTORELEASING = YES;
				CLANG_WARN_BOOL_CONVERSION = YES;
				CLANG_WARN_COMMA = YES;
				CLANG_WARN_CONSTANT_CONVERSION = YES;
				CLANG_WARN_DEPRECATED_OBJC_IMPLEMENTATIONS = YES;
				CLANG_WARN_DIRECT_OBJC_ISA_USAGE = YES_ERROR;
				CLANG_WARN_DOCUMENTATION_COMMENTS = YES;
				CLANG_WARN_EMPTY_BODY = YES;
				CLANG_WARN_ENUM_CONVERSION = YES;
				CLANG_WARN_INFINITE_RECURSION = YES;
				CLANG_WARN_INT_CONVERSION = YES;
				CLANG_WARN_NON_LITERAL_NULL_CONVERSION = YES;
				CLANG_WARN_OBJC_IMPLICIT_RETAIN_SELF = YES;
				CLANG_WARN_OBJC_LITERAL_CONVERSION = YES;
				CLANG_WARN_OBJC_ROOT_CLASS = YES_ERROR;
				CLANG_WARN_RANGE_LOOP_ANALYSIS = YES;
				CLANG_WARN_STRICT_PROTOTYPES = YES;
				CLANG_WARN_SUSPICIOUS_MOVE = YES;
				CLANG_WARN_UNGUARDED_AVAILABILITY = YES_AGGRESSIVE;
				CLANG_WARN_UNREACHABLE_CODE = YES;
				CLANG_WARN__DUPLICATE_METHOD_MATCH = YES;
				CODE_SIGN_IDENTITY = "iPhone Developer";
				COPY_PHASE_STRIP = NO;
				DEBUG_INFORMATION_FORMAT = dwarf;
				ENABLE_STRICT_OBJC_MSGSEND = YES;
				ENABLE_TESTABILITY = YES;
				GCC_C_LANGUAGE_STANDARD = gnu11;
				GCC_DYNAMIC_NO_PIC = NO;
				GCC_NO_COMMON_BLOCKS = YES;
				GCC_OPTIMIZATION_LEVEL = 0;
				GCC_PREPROCESSOR_DEFINITIONS = (
					"DEBUG=1",
					"$(inherited)",
				);
				GCC_WARN_64_TO_32_BIT_CONVERSION = YES;
				GCC_WARN_ABOUT_RETURN_TYPE = YES_ERROR;
				GCC_WARN_UNDECLARED_SELECTOR = YES;
				GCC_WARN_UNINITIALIZED_AUTOS = YES_AGGRESSIVE;
				GCC_WARN_UNUSED_FUNCTION = YES;
				GCC_WARN_UNUSED_VARIABLE = YES;
				IPHONEOS_DEPLOYMENT_TARGET = 12.1;
				MTL_ENABLE_DEBUG_INFO = INCLUDE_SOURCE;
				MTL_FAST_MATH = YES;
				ONLY_ACTIVE_ARCH = YES;
				SDKROOT = iphoneos;
				SWIFT_ACTIVE_COMPILATION_CONDITIONS = DEBUG;
				SWIFT_OPTIMIZATION_LEVEL = "-Onone";
			};
			name = Debug;
		};
		22A64F7C22156FC9003266BA /* Release */ = {
			isa = XCBuildConfiguration;
			buildSettings = {
				ALWAYS_SEARCH_USER_PATHS = NO;
				CLANG_ANALYZER_NONNULL = YES;
				CLANG_ANALYZER_NUMBER_OBJECT_CONVERSION = YES_AGGRESSIVE;
				CLANG_CXX_LANGUAGE_STANDARD = "gnu++14";
				CLANG_CXX_LIBRARY = "libc++";
				CLANG_ENABLE_MODULES = YES;
				CLANG_ENABLE_OBJC_ARC = YES;
				CLANG_ENABLE_OBJC_WEAK = YES;
				CLANG_WARN_BLOCK_CAPTURE_AUTORELEASING = YES;
				CLANG_WARN_BOOL_CONVERSION = YES;
				CLANG_WARN_COMMA = YES;
				CLANG_WARN_CONSTANT_CONVERSION = YES;
				CLANG_WARN_DEPRECATED_OBJC_IMPLEMENTATIONS = YES;
				CLANG_WARN_DIRECT_OBJC_ISA_USAGE = YES_ERROR;
				CLANG_WARN_DOCUMENTATION_COMMENTS = YES;
				CLANG_WARN_EMPTY_BODY = YES;
				CLANG_WARN_ENUM_CONVERSION = YES;
				CLANG_WARN_INFINITE_RECURSION = YES;
				CLANG_WARN_INT_CONVERSION = YES;
				CLANG_WARN_NON_LITERAL_NULL_CONVERSION = YES;
				CLANG_WARN_OBJC_IMPLICIT_RETAIN_SELF = YES;
				CLANG_WARN_OBJC_LITERAL_CONVERSION = YES;
				CLANG_WARN_OBJC_ROOT_CLASS = YES_ERROR;
				CLANG_WARN_RANGE_LOOP_ANALYSIS = YES;
				CLANG_WARN_STRICT_PROTOTYPES = YES;
				CLANG_WARN_SUSPICIOUS_MOVE = YES;
				CLANG_WARN_UNGUARDED_AVAILABILITY = YES_AGGRESSIVE;
				CLANG_WARN_UNREACHABLE_CODE = YES;
				CLANG_WARN__DUPLICATE_METHOD_MATCH = YES;
				CODE_SIGN_IDENTITY = "iPhone Developer";
				COPY_PHASE_STRIP = NO;
				DEBUG_INFORMATION_FORMAT = "dwarf-with-dsym";
				ENABLE_NS_ASSERTIONS = NO;
				ENABLE_STRICT_OBJC_MSGSEND = YES;
				GCC_C_LANGUAGE_STANDARD = gnu11;
				GCC_NO_COMMON_BLOCKS = YES;
				GCC_WARN_64_TO_32_BIT_CONVERSION = YES;
				GCC_WARN_ABOUT_RETURN_TYPE = YES_ERROR;
				GCC_WARN_UNDECLARED_SELECTOR = YES;
				GCC_WARN_UNINITIALIZED_AUTOS = YES_AGGRESSIVE;
				GCC_WARN_UNUSED_FUNCTION = YES;
				GCC_WARN_UNUSED_VARIABLE = YES;
				IPHONEOS_DEPLOYMENT_TARGET = 12.1;
				MTL_ENABLE_DEBUG_INFO = NO;
				MTL_FAST_MATH = YES;
				SDKROOT = iphoneos;
				SWIFT_COMPILATION_MODE = wholemodule;
				SWIFT_OPTIMIZATION_LEVEL = "-O";
				VALIDATE_PRODUCT = YES;
			};
			name = Release;
		};
		22A64F7E22156FC9003266BA /* Debug */ = {
			isa = XCBuildConfiguration;
			baseConfigurationReference = 7D1A436998B7728515B0D3AD /* Pods-Weather.debug.xcconfig */;
			buildSettings = {
				ASSETCATALOG_COMPILER_APPICON_NAME = AppIcon;
				CODE_SIGN_STYLE = Automatic;
				DEVELOPMENT_TEAM = X2JYAUGN87;
				INFOPLIST_FILE = "$(SRCROOT)/Weather/Resources/Info.plist";
				LD_RUNPATH_SEARCH_PATHS = (
					"$(inherited)",
					"@executable_path/Frameworks",
				);
				PRODUCT_BUNDLE_IDENTIFIER = swift.duc.Weather;
				PRODUCT_NAME = "$(TARGET_NAME)";
				SWIFT_VERSION = 4.2;
				TARGETED_DEVICE_FAMILY = "1,2";
			};
			name = Debug;
		};
		22A64F7F22156FC9003266BA /* Release */ = {
			isa = XCBuildConfiguration;
			baseConfigurationReference = 6DD87F3A4E379621E7D7B473 /* Pods-Weather.release.xcconfig */;
			buildSettings = {
				ASSETCATALOG_COMPILER_APPICON_NAME = AppIcon;
				CODE_SIGN_STYLE = Automatic;
				DEVELOPMENT_TEAM = X2JYAUGN87;
				INFOPLIST_FILE = "$(SRCROOT)/Weather/Resources/Info.plist";
				LD_RUNPATH_SEARCH_PATHS = (
					"$(inherited)",
					"@executable_path/Frameworks",
				);
				PRODUCT_BUNDLE_IDENTIFIER = swift.duc.Weather;
				PRODUCT_NAME = "$(TARGET_NAME)";
				SWIFT_VERSION = 4.2;
				TARGETED_DEVICE_FAMILY = "1,2";
			};
			name = Release;
		};
/* End XCBuildConfiguration section */

/* Begin XCConfigurationList section */
		22A64F6322156FC8003266BA /* Build configuration list for PBXProject "Weather" */ = {
			isa = XCConfigurationList;
			buildConfigurations = (
				22A64F7B22156FC9003266BA /* Debug */,
				22A64F7C22156FC9003266BA /* Release */,
			);
			defaultConfigurationIsVisible = 0;
			defaultConfigurationName = Release;
		};
		22A64F7D22156FC9003266BA /* Build configuration list for PBXNativeTarget "Weather" */ = {
			isa = XCConfigurationList;
			buildConfigurations = (
				22A64F7E22156FC9003266BA /* Debug */,
				22A64F7F22156FC9003266BA /* Release */,
			);
			defaultConfigurationIsVisible = 0;
			defaultConfigurationName = Release;
		};
/* End XCConfigurationList section */

/* Begin XCVersionGroup section */
		22A64F7222156FC8003266BA /* Weather.xcdatamodeld */ = {
			isa = XCVersionGroup;
			children = (
				22A64F7322156FC8003266BA /* Weather.xcdatamodel */,
			);
			currentVersion = 22A64F7322156FC8003266BA /* Weather.xcdatamodel */;
			path = Weather.xcdatamodeld;
			sourceTree = "<group>";
			versionGroupType = wrapper.xcdatamodel;
		};
/* End XCVersionGroup section */
	};
	rootObject = 22A64F6022156FC8003266BA /* Project object */;
}
